// !$*UTF8*$!
{
	archiveVersion = 1;
	classes = {
	};
	objectVersion = 50;
	objects = {

/* Begin PBXBuildFile section */
		7915F8BB26C210BA00660461 /* AppDelegate.swift in Sources */ = {isa = PBXBuildFile; fileRef = 7915F8BA26C210BA00660461 /* AppDelegate.swift */; };
		7915F8BD26C210BA00660461 /* SceneDelegate.swift in Sources */ = {isa = PBXBuildFile; fileRef = 7915F8BC26C210BA00660461 /* SceneDelegate.swift */; };
		7915F8BF26C210BA00660461 /* ViewController.swift in Sources */ = {isa = PBXBuildFile; fileRef = 7915F8BE26C210BA00660461 /* ViewController.swift */; };
		7915F8C226C210BA00660461 /* Main.storyboard in Resources */ = {isa = PBXBuildFile; fileRef = 7915F8C026C210BA00660461 /* Main.storyboard */; };
		7915F8C426C210BC00660461 /* Assets.xcassets in Resources */ = {isa = PBXBuildFile; fileRef = 7915F8C326C210BC00660461 /* Assets.xcassets */; };
		7915F8C726C210BC00660461 /* LaunchScreen.storyboard in Resources */ = {isa = PBXBuildFile; fileRef = 7915F8C526C210BC00660461 /* LaunchScreen.storyboard */; };
		7915F8CF26C2132B00660461 /* HeroViewController.swift in Sources */ = {isa = PBXBuildFile; fileRef = 7915F8CE26C2132B00660461 /* HeroViewController.swift */; };
		7915F8D126C213C600660461 /* HeroStats.swift in Sources */ = {isa = PBXBuildFile; fileRef = 7915F8D026C213C600660461 /* HeroStats.swift */; };
/* End PBXBuildFile section */

/* Begin PBXFileReference section */
		7915F8B726C210BA00660461 /* JSON Data into tableview.app */ = {isa = PBXFileReference; explicitFileType = wrapper.application; includeInIndex = 0; path = "JSON Data into tableview.app"; sourceTree = BUILT_PRODUCTS_DIR; };
		7915F8BA26C210BA00660461 /* AppDelegate.swift */ = {isa = PBXFileReference; lastKnownFileType = sourcecode.swift; path = AppDelegate.swift; sourceTree = "<group>"; };
		7915F8BC26C210BA00660461 /* SceneDelegate.swift */ = {isa = PBXFileReference; lastKnownFileType = sourcecode.swift; path = SceneDelegate.swift; sourceTree = "<group>"; };
		7915F8BE26C210BA00660461 /* ViewController.swift */ = {isa = PBXFileReference; lastKnownFileType = sourcecode.swift; path = ViewController.swift; sourceTree = "<group>"; };
		7915F8C126C210BA00660461 /* Base */ = {isa = PBXFileReference; lastKnownFileType = file.storyboard; name = Base; path = Base.lproj/Main.storyboard; sourceTree = "<group>"; };
		7915F8C326C210BC00660461 /* Assets.xcassets */ = {isa = PBXFileReference; lastKnownFileType = folder.assetcatalog; path = Assets.xcassets; sourceTree = "<group>"; };
		7915F8C626C210BC00660461 /* Base */ = {isa = PBXFileReference; lastKnownFileType = file.storyboard; name = Base; path = Base.lproj/LaunchScreen.storyboard; sourceTree = "<group>"; };
		7915F8C826C210BC00660461 /* Info.plist */ = {isa = PBXFileReference; lastKnownFileType = text.plist.xml; path = Info.plist; sourceTree = "<group>"; };
		7915F8CE26C2132B00660461 /* HeroViewController.swift */ = {isa = PBXFileReference; lastKnownFileType = sourcecode.swift; path = HeroViewController.swift; sourceTree = "<group>"; };
		7915F8D026C213C600660461 /* HeroStats.swift */ = {isa = PBXFileReference; lastKnownFileType = sourcecode.swift; path = HeroStats.swift; sourceTree = "<group>"; };
/* End PBXFileReference section */

/* Begin PBXFrameworksBuildPhase section */
		7915F8B426C210BA00660461 /* Frameworks */ = {
			isa = PBXFrameworksBuildPhase;
			buildActionMask = 2147483647;
			files = (
			);
			runOnlyForDeploymentPostprocessing = 0;
		};
/* End PBXFrameworksBuildPhase section */

/* Begin PBXGroup section */
		7915F8AE26C210B900660461 = {
			isa = PBXGroup;
			children = (
				7915F8B926C210BA00660461 /* JSON Data into tableview */,
				7915F8B826C210BA00660461 /* Products */,
			);
			sourceTree = "<group>";
		};
		7915F8B826C210BA00660461 /* Products */ = {
			isa = PBXGroup;
			children = (
				7915F8B726C210BA00660461 /* JSON Data into tableview.app */,
			);
			name = Products;
			sourceTree = "<group>";
		};
		7915F8B926C210BA00660461 /* JSON Data into tableview */ = {
			isa = PBXGroup;
			children = (
				7915F8BA26C210BA00660461 /* AppDelegate.swift */,
				7915F8BC26C210BA00660461 /* SceneDelegate.swift */,
				7915F8BE26C210BA00660461 /* ViewController.swift */,
				7915F8CE26C2132B00660461 /* HeroViewController.swift */,
				7915F8C026C210BA00660461 /* Main.storyboard */,
				7915F8C326C210BC00660461 /* Assets.xcassets */,
				7915F8C526C210BC00660461 /* LaunchScreen.storyboard */,
				7915F8C826C210BC00660461 /* Info.plist */,
				7915F8D026C213C600660461 /* HeroStats.swift */,
			);
			path = "JSON Data into tableview";
			sourceTree = "<group>";
		};
/* End PBXGroup section */

/* Begin PBXNativeTarget section */
		7915F8B626C210BA00660461 /* JSON Data into tableview */ = {
			isa = PBXNativeTarget;
			buildConfigurationList = 7915F8CB26C210BC00660461 /* Build configuration list for PBXNativeTarget "JSON Data into tableview" */;
			buildPhases = (
				7915F8B326C210BA00660461 /* Sources */,
				7915F8B426C210BA00660461 /* Frameworks */,
				7915F8B526C210BA00660461 /* Resources */,
			);
			buildRules = (
			);
			dependencies = (
			);
			name = "JSON Data into tableview";
			productName = "JSON Data into tableview";
			productReference = 7915F8B726C210BA00660461 /* JSON Data into tableview.app */;
			productType = "com.apple.product-type.application";
		};
/* End PBXNativeTarget section */

/* Begin PBXProject section */
		7915F8AF26C210B900660461 /* Project object */ = {
			isa = PBXProject;
			attributes = {
				LastSwiftUpdateCheck = 1250;
				LastUpgradeCheck = 1250;
				TargetAttributes = {
					7915F8B626C210BA00660461 = {
						CreatedOnToolsVersion = 12.5.1;
					};
				};
			};
			buildConfigurationList = 7915F8B226C210B900660461 /* Build configuration list for PBXProject "JSON Data into tableview" */;
			compatibilityVersion = "Xcode 9.3";
			developmentRegion = en;
			hasScannedForEncodings = 0;
			knownRegions = (
				en,
				Base,
			);
			mainGroup = 7915F8AE26C210B900660461;
			productRefGroup = 7915F8B826C210BA00660461 /* Products */;
			projectDirPath = "";
			projectRoot = "";
			targets = (
				7915F8B626C210BA00660461 /* JSON Data into tableview */,
			);
		};
/* End PBXProject section */

/* Begin PBXResourcesBuildPhase section */
		7915F8B526C210BA00660461 /* Resources */ = {
			isa = PBXResourcesBuildPhase;
			buildActionMask = 2147483647;
			files = (
				7915F8C726C210BC00660461 /* LaunchScreen.storyboard in Resources */,
				7915F8C426C210BC00660461 /* Assets.xcassets in Resources */,
				7915F8C226C210BA00660461 /* Main.storyboard in Resources */,
			);
			runOnlyForDeploymentPostprocessing = 0;
		};
/* End PBXResourcesBuildPhase section */

/* Begin PBXSourcesBuildPhase section */
		7915F8B326C210BA00660461 /* Sources */ = {
			isa = PBXSourcesBuildPhase;
			buildActionMask = 2147483647;
			files = (
				7915F8CF26C2132B00660461 /* HeroViewController.swift in Sources */,
				7915F8BF26C210BA00660461 /* ViewController.swift in Sources */,
				7915F8BB26C210BA00660461 /* AppDelegate.swift in Sources */,
				7915F8D126C213C600660461 /* HeroStats.swift in Sources */,
				7915F8BD26C210BA00660461 /* SceneDelegate.swift in Sources */,
			);
			runOnlyForDeploymentPostprocessing = 0;
		};
/* End PBXSourcesBuildPhase section */

/* Begin PBXVariantGroup section */
		7915F8C026C210BA00660461 /* Main.storyboard */ = {
			isa = PBXVariantGroup;
			children = (
				7915F8C126C210BA00660461 /* Base */,
			);
			name = Main.storyboard;
			sourceTree = "<group>";
		};
		7915F8C526C210BC00660461 /* LaunchScreen.storyboard */ = {
			isa = PBXVariantGroup;
			children = (
				7915F8C626C210BC00660461 /* Base */,
			);
			name = LaunchScreen.storyboard;
			sourceTree = "<group>";
		};
/* End PBXVariantGroup section */

/* Begin XCBuildConfiguration section */
		7915F8C926C210BC00660461 /* Debug */ = {
			isa = XCBuildConfiguration;
			buildSettings = {
				ALWAYS_SEARCH_USER_PATHS = NO;
				CLANG_ANALYZER_NONNULL = YES;
				CLANG_ANALYZER_NUMBER_OBJECT_CONVERSION = YES_AGGRESSIVE;
				CLANG_CXX_LANGUAGE_STANDARD = "gnu++14";
				CLANG_CXX_LIBRARY = "libc++";
				CLANG_ENABLE_MODULES = YES;
				CLANG_ENABLE_OBJC_ARC = YES;
				CLANG_ENABLE_OBJC_WEAK = YES;
				CLANG_WARN_BLOCK_CAPTURE_AUTORELEASING = YES;
				CLANG_WARN_BOOL_CONVERSION = YES;
				CLANG_WARN_COMMA = YES;
				CLANG_WARN_CONSTANT_CONVERSION = YES;
				CLANG_WARN_DEPRECATED_OBJC_IMPLEMENTATIONS = YES;
				CLANG_WARN_DIRECT_OBJC_ISA_USAGE = YES_ERROR;
				CLANG_WARN_DOCUMENTATION_COMMENTS = YES;
				CLANG_WARN_EMPTY_BODY = YES;
				CLANG_WARN_ENUM_CONVERSION = YES;
				CLANG_WARN_INFINITE_RECURSION = YES;
				CLANG_WARN_INT_CONVERSION = YES;
				CLANG_WARN_NON_LITERAL_NULL_CONVERSION = YES;
				CLANG_WARN_OBJC_IMPLICIT_RETAIN_SELF = YES;
				CLANG_WARN_OBJC_LITERAL_CONVERSION = YES;
				CLANG_WARN_OBJC_ROOT_CLASS = YES_ERROR;
				CLANG_WARN_QUOTED_INCLUDE_IN_FRAMEWORK_HEADER = YES;
				CLANG_WARN_RANGE_LOOP_ANALYSIS = YES;
				CLANG_WARN_STRICT_PROTOTYPES = YES;
				CLANG_WARN_SUSPICIOUS_MOVE = YES;
				CLANG_WARN_UNGUARDED_AVAILABILITY = YES_AGGRESSIVE;
				CLANG_WARN_UNREACHABLE_CODE = YES;
				CLANG_WARN__DUPLICATE_METHOD_MATCH = YES;
				COPY_PHASE_STRIP = NO;
				DEBUG_INFORMATION_FORMAT = dwarf;
				ENABLE_STRICT_OBJC_MSGSEND = YES;
				ENABLE_TESTABILITY = YES;
				GCC_C_LANGUAGE_STANDARD = gnu11;
				GCC_DYNAMIC_NO_PIC = NO;
				GCC_NO_COMMON_BLOCKS = YES;
				GCC_OPTIMIZATION_LEVEL = 0;
				GCC_PREPROCESSOR_DEFINITIONS = (
					"DEBUG=1",
					"$(inherited)",
				);
				GCC_WARN_64_TO_32_BIT_CONVERSION = YES;
				GCC_WARN_ABOUT_RETURN_TYPE = YES_ERROR;
				GCC_WARN_UNDECLARED_SELECTOR = YES;
				GCC_WARN_UNINITIALIZED_AUTOS = YES_AGGRESSIVE;
				GCC_WARN_UNUSED_FUNCTION = YES;
				GCC_WARN_UNUSED_VARIABLE = YES;
				IPHONEOS_DEPLOYMENT_TARGET = 14.5;
				MTL_ENABLE_DEBUG_INFO = INCLUDE_SOURCE;
				MTL_FAST_MATH = YES;
				ONLY_ACTIVE_ARCH = YES;
				SDKROOT = iphoneos;
				SWIFT_ACTIVE_COMPILATION_CONDITIONS = DEBUG;
				SWIFT_OPTIMIZATION_LEVEL = "-Onone";
			};
			name = Debug;
		};
		7915F8CA26C210BC00660461 /* Release */ = {
			isa = XCBuildConfiguration;
			buildSettings = {
				ALWAYS_SEARCH_USER_PATHS = NO;
				CLANG_ANALYZER_NONNULL = YES;
				CLANG_ANALYZER_NUMBER_OBJECT_CONVERSION = YES_AGGRESSIVE;
				CLANG_CXX_LANGUAGE_STANDARD = "gnu++14";
				CLANG_CXX_LIBRARY = "libc++";
				CLANG_ENABLE_MODULES = YES;
				CLANG_ENABLE_OBJC_ARC = YES;
				CLANG_ENABLE_OBJC_WEAK = YES;
				CLANG_WARN_BLOCK_CAPTURE_AUTORELEASING = YES;
				CLANG_WARN_BOOL_CONVERSION = YES;
				CLANG_WARN_COMMA = YES;
				CLANG_WARN_CONSTANT_CONVERSION = YES;
				CLANG_WARN_DEPRECATED_OBJC_IMPLEMENTATIONS = YES;
				CLANG_WARN_DIRECT_OBJC_ISA_USAGE = YES_ERROR;
				CLANG_WARN_DOCUMENTATION_COMMENTS = YES;
				CLANG_WARN_EMPTY_BODY = YES;
				CLANG_WARN_ENUM_CONVERSION = YES;
				CLANG_WARN_INFINITE_RECURSION = YES;
				CLANG_WARN_INT_CONVERSION = YES;
				CLANG_WARN_NON_LITERAL_NULL_CONVERSION = YES;
				CLANG_WARN_OBJC_IMPLICIT_RETAIN_SELF = YES;
				CLANG_WARN_OBJC_LITERAL_CONVERSION = YES;
				CLANG_WARN_OBJC_ROOT_CLASS = YES_ERROR;
				CLANG_WARN_QUOTED_INCLUDE_IN_FRAMEWORK_HEADER = YES;
				CLANG_WARN_RANGE_LOOP_ANALYSIS = YES;
				CLANG_WARN_STRICT_PROTOTYPES = YES;
				CLANG_WARN_SUSPICIOUS_MOVE = YES;
				CLANG_WARN_UNGUARDED_AVAILABILITY = YES_AGGRESSIVE;
				CLANG_WARN_UNREACHABLE_CODE = YES;
				CLANG_WARN__DUPLICATE_METHOD_MATCH = YES;
				COPY_PHASE_STRIP = NO;
				DEBUG_INFORMATION_FORMAT = "dwarf-with-dsym";
				ENABLE_NS_ASSERTIONS = NO;
				ENABLE_STRICT_OBJC_MSGSEND = YES;
				GCC_C_LANGUAGE_STANDARD = gnu11;
				GCC_NO_COMMON_BLOCKS = YES;
				GCC_WARN_64_TO_32_BIT_CONVERSION = YES;
				GCC_WARN_ABOUT_RETURN_TYPE = YES_ERROR;
				GCC_WARN_UNDECLARED_SELECTOR = YES;
				GCC_WARN_UNINITIALIZED_AUTOS = YES_AGGRESSIVE;
				GCC_WARN_UNUSED_FUNCTION = YES;
				GCC_WARN_UNUSED_VARIABLE = YES;
				IPHONEOS_DEPLOYMENT_TARGET = 14.5;
				MTL_ENABLE_DEBUG_INFO = NO;
				MTL_FAST_MATH = YES;
				SDKROOT = iphoneos;
				SWIFT_COMPILATION_MODE = wholemodule;
				SWIFT_OPTIMIZATION_LEVEL = "-O";
				VALIDATE_PRODUCT = YES;
			};
			name = Release;
		};
		7915F8CC26C210BC00660461 /* Debug */ = {
			isa = XCBuildConfiguration;
			buildSettings = {
				ASSETCATALOG_COMPILER_APPICON_NAME = AppIcon;
				ASSETCATALOG_COMPILER_GLOBAL_ACCENT_COLOR_NAME = AccentColor;
				CODE_SIGN_STYLE = Automatic;
				DEVELOPMENT_TEAM = CS8MH5S8BL;
				INFOPLIST_FILE = "JSON Data into tableview/Info.plist";
				LD_RUNPATH_SEARCH_PATHS = (
					"$(inherited)",
					"@executable_path/Frameworks",
				);
				PRODUCT_BUNDLE_IDENTIFIER = "com.larryallen.JSON-Data-into-tableview";
				PRODUCT_NAME = "$(TARGET_NAME)";
				SWIFT_VERSION = 5.0;
				TARGETED_DEVICE_FAMILY = "1,2";
			};
			name = Debug;
		};
		7915F8CD26C210BC00660461 /* Release */ = {
			isa = XCBuildConfiguration;
			buildSettings = {
				ASSETCATALOG_COMPILER_APPICON_NAME = AppIcon;
				ASSETCATALOG_COMPILER_GLOBAL_ACCENT_COLOR_NAME = AccentColor;
				CODE_SIGN_STYLE = Automatic;
				DEVELOPMENT_TEAM = CS8MH5S8BL;
				INFOPLIST_FILE = "JSON Data into tableview/Info.plist";
				LD_RUNPATH_SEARCH_PATHS = (
					"$(inherited)",
					"@executable_path/Frameworks",
				);
				PRODUCT_BUNDLE_IDENTIFIER = "com.larryallen.JSON-Data-into-tableview";
				PRODUCT_NAME = "$(TARGET_NAME)";
				SWIFT_VERSION = 5.0;
				TARGETED_DEVICE_FAMILY = "1,2";
			};
			name = Release;
		};
/* End XCBuildConfiguration section */

/* Begin XCConfigurationList section */
		7915F8B226C210B900660461 /* Build configuration list for PBXProject "JSON Data into tableview" */ = {
			isa = XCConfigurationList;
			buildConfigurations = (
				7915F8C926C210BC00660461 /* Debug */,
				7915F8CA26C210BC00660461 /* Release */,
			);
			defaultConfigurationIsVisible = 0;
			defaultConfigurationName = Release;
		};
		7915F8CB26C210BC00660461 /* Build configuration list for PBXNativeTarget "JSON Data into tableview" */ = {
			isa = XCConfigurationList;
			buildConfigurations = (
				7915F8CC26C210BC00660461 /* Debug */,
				7915F8CD26C210BC00660461 /* Release */,
			);
			defaultConfigurationIsVisible = 0;
			defaultConfigurationName = Release;
		};
/* End XCConfigurationList section */
	};
	rootObject = 7915F8AF26C210B900660461 /* Project object */;
}
